
Microsoft Visual Studio Solution File, Format Version 10.00
# Visual Studio 2008
Project("{E24C65DC-7377-472B-9ABA-BC803B73C61A}") = "DBMS", "..\..\..\..\DBMS\", "{E64CA5DC-45A1-4792-9C40-F5247D262F16}"
	ProjectSection(WebsiteProperties) = preProject
		TargetFramework = "3.5"
		Debug.AspNetCompiler.VirtualPath = "/DBMS"
		Debug.AspNetCompiler.PhysicalPath = "..\..\..\..\DBMS\"
		Debug.AspNetCompiler.TargetPath = "PrecompiledWeb\DBMS\"
		Debug.AspNetCompiler.Updateable = "true"
		Debug.AspNetCompiler.ForceOverwrite = "true"
		Debug.AspNetCompiler.FixedNames = "false"
		Debug.AspNetCompiler.Debug = "True"
		Release.AspNetCompiler.VirtualPath = "/DBMS"
		Release.AspNetCompiler.PhysicalPath = "..\..\..\..\DBMS\"
		Release.AspNetCompiler.TargetPath = "PrecompiledWeb\DBMS\"
		Release.AspNetCompiler.Updateable = "true"
		Release.AspNetCompiler.ForceOverwrite = "true"
		Release.AspNetCompiler.FixedNames = "false"
		Release.AspNetCompiler.Debug = "False"
		VWDPort = "54417"
		DefaultWebSiteLanguage = "Visual C#"
	EndProjectSection
EndProject
Global
	GlobalSection(SolutionConfigurationPlatforms) = preSolution
		Debug|.NET = Debug|.NET
	EndGlobalSection
	GlobalSection(ProjectConfigurationPlatforms) = postSolution
		{E64CA5DC-45A1-4792-9C40-F5247D262F16}.Debug|.NET.ActiveCfg = Debug|.NET
		{E64CA5DC-45A1-4792-9C40-F5247D262F16}.Debug|.NET.Build.0 = Debug|.NET
	EndGlobalSection
	GlobalSection(SolutionProperties) = preSolution
		HideSolutionNode = FALSE
	EndGlobalSection
EndGlobal
