
Microsoft Visual Studio Solution File, Format Version 10.00
# Visual Studio 2008
Project("{E24C65DC-7377-472B-9ABA-BC803B73C61A}") = "REGISTRATION", "F:\SOUMYA\ASP.NET PROJECT\REGISTRATION\", "{C647D488-ABE8-4F7C-96B0-0819E43685F6}"
	ProjectSection(WebsiteProperties) = preProject
		TargetFramework = "3.5"
		Debug.AspNetCompiler.VirtualPath = "/REGISTRATION"
		Debug.AspNetCompiler.PhysicalPath = "F:\SOUMYA\ASP.NET PROJECT\REGISTRATION\"
		Debug.AspNetCompiler.TargetPath = "PrecompiledWeb\REGISTRATION\"
		Debug.AspNetCompiler.Updateable = "true"
		Debug.AspNetCompiler.ForceOverwrite = "true"
		Debug.AspNetCompiler.FixedNames = "false"
		Debug.AspNetCompiler.Debug = "True"
		Release.AspNetCompiler.VirtualPath = "/REGISTRATION"
		Release.AspNetCompiler.PhysicalPath = "F:\SOUMYA\ASP.NET PROJECT\REGISTRATION\"
		Release.AspNetCompiler.TargetPath = "PrecompiledWeb\REGISTRATION\"
		Release.AspNetCompiler.Updateable = "true"
		Release.AspNetCompiler.ForceOverwrite = "true"
		Release.AspNetCompiler.FixedNames = "false"
		Release.AspNetCompiler.Debug = "False"
		VWDPort = "54253"
	EndProjectSection
EndProject
Global
	GlobalSection(SolutionConfigurationPlatforms) = preSolution
		Debug|.NET = Debug|.NET
	EndGlobalSection
	GlobalSection(ProjectConfigurationPlatforms) = postSolution
		{C647D488-ABE8-4F7C-96B0-0819E43685F6}.Debug|.NET.ActiveCfg = Debug|.NET
		{C647D488-ABE8-4F7C-96B0-0819E43685F6}.Debug|.NET.Build.0 = Debug|.NET
	EndGlobalSection
	GlobalSection(SolutionProperties) = preSolution
		HideSolutionNode = FALSE
	EndGlobalSection
EndGlobal
